
Microsoft Visual Studio Solution File, Format Version 11.00
# Visual Studio 2010
Project("{FAE04EC0-301F-11D3-BF4B-00C04F79EFBC}") = "DatePickerDemo", "DatePickerDemo\DatePickerDemo.csproj", "{5020FA68-735A-41A5-8896-FDF85A63AF08}"
EndProject
Project("{FAE04EC0-301F-11D3-BF4B-00C04F79EFBC}") = "DatePickerControl", "DatePicker\DatePickerControl.csproj", "{B18A7AC2-DFB9-431A-B5E5-B6CDFFD40912}"
EndProject
Global
	GlobalSection(SolutionConfigurationPlatforms) = preSolution
		Debug|Any CPU = Debug|Any CPU
		Release|Any CPU = Release|Any CPU
	EndGlobalSection
	GlobalSection(ProjectConfigurationPlatforms) = postSolution
		{5020FA68-735A-41A5-8896-FDF85A63AF08}.Debug|Any CPU.ActiveCfg = Debug|Any CPU
		{5020FA68-735A-41A5-8896-FDF85A63AF08}.Debug|Any CPU.Build.0 = Debug|Any CPU
		{5020FA68-735A-41A5-8896-FDF85A63AF08}.Release|Any CPU.ActiveCfg = Release|Any CPU
		{5020FA68-735A-41A5-8896-FDF85A63AF08}.Release|Any CPU.Build.0 = Release|Any CPU
		{B18A7AC2-DFB9-431A-B5E5-B6CDFFD40912}.Debug|Any CPU.ActiveCfg = Debug|Any CPU
		{B18A7AC2-DFB9-431A-B5E5-B6CDFFD40912}.Debug|Any CPU.Build.0 = Debug|Any CPU
		{B18A7AC2-DFB9-431A-B5E5-B6CDFFD40912}.Release|Any CPU.ActiveCfg = Release|Any CPU
		{B18A7AC2-DFB9-431A-B5E5-B6CDFFD40912}.Release|Any CPU.Build.0 = Release|Any CPU
	EndGlobalSection
	GlobalSection(SolutionProperties) = preSolution
		HideSolutionNode = FALSE
	EndGlobalSection
EndGlobal
